
Microsoft Visual Studio Solution File, Format Version 12.00
# Visual Studio Version 16
VisualStudioVersion = 16.0.29609.76
MinimumVisualStudioVersion = 10.0.40219.1
Project("{FAE04EC0-301F-11D3-BF4B-00C04F79EFBC}") = "PDFSignApplication", "PDFSignApplication.csproj", "{56BC0E76-ABAB-4C27-9B79-BCCC96DD740C}"
EndProject
Project("{FAE04EC0-301F-11D3-BF4B-00C04F79EFBC}") = "ImageLibrary", "..\ImageLibrary\ImageLibrary.csproj", "{530BF8C9-D7BA-4F15-8440-EF33B9FCC9B4}"
EndProject
Project("{FAE04EC0-301F-11D3-BF4B-00C04F79EFBC}") = "Common", "..\Common\Common.csproj", "{BC2CDC5C-3D84-41CD-8012-14D141636A9B}"
EndProject
Global
	GlobalSection(SolutionConfigurationPlatforms) = preSolution
		Debug|Any CPU = Debug|Any CPU
		Release|Any CPU = Release|Any CPU
	EndGlobalSection
	GlobalSection(ProjectConfigurationPlatforms) = postSolution
		{56BC0E76-ABAB-4C27-9B79-BCCC96DD740C}.Debug|Any CPU.ActiveCfg = Debug|Any CPU
		{56BC0E76-ABAB-4C27-9B79-BCCC96DD740C}.Debug|Any CPU.Build.0 = Debug|Any CPU
		{56BC0E76-ABAB-4C27-9B79-BCCC96DD740C}.Release|Any CPU.ActiveCfg = Release|Any CPU
		{56BC0E76-ABAB-4C27-9B79-BCCC96DD740C}.Release|Any CPU.Build.0 = Release|Any CPU
		{530BF8C9-D7BA-4F15-8440-EF33B9FCC9B4}.Debug|Any CPU.ActiveCfg = Debug|Any CPU
		{530BF8C9-D7BA-4F15-8440-EF33B9FCC9B4}.Debug|Any CPU.Build.0 = Debug|Any CPU
		{530BF8C9-D7BA-4F15-8440-EF33B9FCC9B4}.Release|Any CPU.ActiveCfg = Release|Any CPU
		{530BF8C9-D7BA-4F15-8440-EF33B9FCC9B4}.Release|Any CPU.Build.0 = Release|Any CPU
		{BC2CDC5C-3D84-41CD-8012-14D141636A9B}.Debug|Any CPU.ActiveCfg = Debug|Any CPU
		{BC2CDC5C-3D84-41CD-8012-14D141636A9B}.Debug|Any CPU.Build.0 = Debug|Any CPU
		{BC2CDC5C-3D84-41CD-8012-14D141636A9B}.Release|Any CPU.ActiveCfg = Release|Any CPU
		{BC2CDC5C-3D84-41CD-8012-14D141636A9B}.Release|Any CPU.Build.0 = Release|Any CPU
	EndGlobalSection
	GlobalSection(SolutionProperties) = preSolution
		HideSolutionNode = FALSE
	EndGlobalSection
	GlobalSection(ExtensibilityGlobals) = postSolution
		SolutionGuid = {1198B07D-F362-4FE5-A50B-830B850DCA1D}
	EndGlobalSection
EndGlobal
